// !$*UTF8*$!
{
	archiveVersion = 1;
	classes = {
	};
	objectVersion = 50;
	objects = {

/* Begin PBXBuildFile section */
		D9FC507E2541A2BB009B5FB7 /* TimerAppApp.swift in Sources */ = {isa = PBXBuildFile; fileRef = D9FC507D2541A2BB009B5FB7 /* TimerAppApp.swift */; };
		D9FC50802541A2BB009B5FB7 /* ContentView.swift in Sources */ = {isa = PBXBuildFile; fileRef = D9FC507F2541A2BB009B5FB7 /* ContentView.swift */; };
		D9FC50822541A2BC009B5FB7 /* Assets.xcassets in Resources */ = {isa = PBXBuildFile; fileRef = D9FC50812541A2BC009B5FB7 /* Assets.xcassets */; };
		D9FC50852541A2BC009B5FB7 /* Preview Assets.xcassets in Resources */ = {isa = PBXBuildFile; fileRef = D9FC50842541A2BC009B5FB7 /* Preview Assets.xcassets */; };
		D9FC508E2541A2CF009B5FB7 /* README.md in Resources */ = {isa = PBXBuildFile; fileRef = D9FC508D2541A2CF009B5FB7 /* README.md */; };
		D9FC50922541A779009B5FB7 /* StartButton.swift in Sources */ = {isa = PBXBuildFile; fileRef = D9FC50912541A779009B5FB7 /* StartButton.swift */; };
		D9FC50952541B505009B5FB7 /* TimeCounter.swift in Sources */ = {isa = PBXBuildFile; fileRef = D9FC50942541B505009B5FB7 /* TimeCounter.swift */; };
		D9FC509A2541C20F009B5FB7 /* LoginView.swift in Sources */ = {isa = PBXBuildFile; fileRef = D9FC50992541C20F009B5FB7 /* LoginView.swift */; };
		D9FC509E2541C473009B5FB7 /* UserManager.swift in Sources */ = {isa = PBXBuildFile; fileRef = D9FC509D2541C473009B5FB7 /* UserManager.swift */; };
		D9FC50A12541C872009B5FB7 /* StarterView.swift in Sources */ = {isa = PBXBuildFile; fileRef = D9FC50A02541C872009B5FB7 /* StarterView.swift */; };
/* End PBXBuildFile section */

/* Begin PBXFileReference section */
		D9FC507A2541A2BB009B5FB7 /* TimerApp.app */ = {isa = PBXFileReference; explicitFileType = wrapper.application; includeInIndex = 0; path = TimerApp.app; sourceTree = BUILT_PRODUCTS_DIR; };
		D9FC507D2541A2BB009B5FB7 /* TimerAppApp.swift */ = {isa = PBXFileReference; lastKnownFileType = sourcecode.swift; path = TimerAppApp.swift; sourceTree = "<group>"; };
		D9FC507F2541A2BB009B5FB7 /* ContentView.swift */ = {isa = PBXFileReference; lastKnownFileType = sourcecode.swift; path = ContentView.swift; sourceTree = "<group>"; };
		D9FC50812541A2BC009B5FB7 /* Assets.xcassets */ = {isa = PBXFileReference; lastKnownFileType = folder.assetcatalog; path = Assets.xcassets; sourceTree = "<group>"; };
		D9FC50842541A2BC009B5FB7 /* Preview Assets.xcassets */ = {isa = PBXFileReference; lastKnownFileType = folder.assetcatalog; path = "Preview Assets.xcassets"; sourceTree = "<group>"; };
		D9FC50862541A2BC009B5FB7 /* Info.plist */ = {isa = PBXFileReference; lastKnownFileType = text.plist.xml; path = Info.plist; sourceTree = "<group>"; };
		D9FC508D2541A2CF009B5FB7 /* README.md */ = {isa = PBXFileReference; lastKnownFileType = net.daringfireball.markdown; path = README.md; sourceTree = "<group>"; };
		D9FC50912541A779009B5FB7 /* StartButton.swift */ = {isa = PBXFileReference; lastKnownFileType = sourcecode.swift; path = StartButton.swift; sourceTree = "<group>"; };
		D9FC50942541B505009B5FB7 /* TimeCounter.swift */ = {isa = PBXFileReference; lastKnownFileType = sourcecode.swift; path = TimeCounter.swift; sourceTree = "<group>"; };
		D9FC50992541C20F009B5FB7 /* LoginView.swift */ = {isa = PBXFileReference; lastKnownFileType = sourcecode.swift; path = LoginView.swift; sourceTree = "<group>"; };
		D9FC509D2541C473009B5FB7 /* UserManager.swift */ = {isa = PBXFileReference; lastKnownFileType = sourcecode.swift; path = UserManager.swift; sourceTree = "<group>"; };
		D9FC50A02541C872009B5FB7 /* StarterView.swift */ = {isa = PBXFileReference; lastKnownFileType = sourcecode.swift; path = StarterView.swift; sourceTree = "<group>"; };
/* End PBXFileReference section */

/* Begin PBXFrameworksBuildPhase section */
		D9FC50772541A2BB009B5FB7 /* Frameworks */ = {
			isa = PBXFrameworksBuildPhase;
			buildActionMask = 2147483647;
			files = (
			);
			runOnlyForDeploymentPostprocessing = 0;
		};
/* End PBXFrameworksBuildPhase section */

/* Begin PBXGroup section */
		D9FC50712541A2BB009B5FB7 = {
			isa = PBXGroup;
			children = (
				D9FC508D2541A2CF009B5FB7 /* README.md */,
				D9FC507C2541A2BB009B5FB7 /* TimerApp */,
				D9FC507B2541A2BB009B5FB7 /* Products */,
			);
			sourceTree = "<group>";
		};
		D9FC507B2541A2BB009B5FB7 /* Products */ = {
			isa = PBXGroup;
			children = (
				D9FC507A2541A2BB009B5FB7 /* TimerApp.app */,
			);
			name = Products;
			sourceTree = "<group>";
		};
		D9FC507C2541A2BB009B5FB7 /* TimerApp */ = {
			isa = PBXGroup;
			children = (
				D9FC507D2541A2BB009B5FB7 /* TimerAppApp.swift */,
				D9FC50A02541C872009B5FB7 /* StarterView.swift */,
				D9FC50992541C20F009B5FB7 /* LoginView.swift */,
				D9FC509D2541C473009B5FB7 /* UserManager.swift */,
				D9FC507F2541A2BB009B5FB7 /* ContentView.swift */,
				D9FC50912541A779009B5FB7 /* StartButton.swift */,
				D9FC50942541B505009B5FB7 /* TimeCounter.swift */,
				D9FC50812541A2BC009B5FB7 /* Assets.xcassets */,
				D9FC50862541A2BC009B5FB7 /* Info.plist */,
				D9FC50832541A2BC009B5FB7 /* Preview Content */,
			);
			path = TimerApp;
			sourceTree = "<group>";
		};
		D9FC50832541A2BC009B5FB7 /* Preview Content */ = {
			isa = PBXGroup;
			children = (
				D9FC50842541A2BC009B5FB7 /* Preview Assets.xcassets */,
			);
			path = "Preview Content";
			sourceTree = "<group>";
		};
/* End PBXGroup section */

/* Begin PBXNativeTarget section */
		D9FC50792541A2BB009B5FB7 /* TimerApp */ = {
			isa = PBXNativeTarget;
			buildConfigurationList = D9FC50892541A2BC009B5FB7 /* Build configuration list for PBXNativeTarget "TimerApp" */;
			buildPhases = (
				D9FC50762541A2BB009B5FB7 /* Sources */,
				D9FC50772541A2BB009B5FB7 /* Frameworks */,
				D9FC50782541A2BB009B5FB7 /* Resources */,
			);
			buildRules = (
			);
			dependencies = (
			);
			name = TimerApp;
			productName = TimerApp;
			productReference = D9FC507A2541A2BB009B5FB7 /* TimerApp.app */;
			productType = "com.apple.product-type.application";
		};
/* End PBXNativeTarget section */

/* Begin PBXProject section */
		D9FC50722541A2BB009B5FB7 /* Project object */ = {
			isa = PBXProject;
			attributes = {
				LastSwiftUpdateCheck = 1210;
				LastUpgradeCheck = 1210;
				TargetAttributes = {
					D9FC50792541A2BB009B5FB7 = {
						CreatedOnToolsVersion = 12.1;
					};
				};
			};
			buildConfigurationList = D9FC50752541A2BB009B5FB7 /* Build configuration list for PBXProject "TimerApp" */;
			compatibilityVersion = "Xcode 9.3";
			developmentRegion = en;
			hasScannedForEncodings = 0;
			knownRegions = (
				en,
				Base,
			);
			mainGroup = D9FC50712541A2BB009B5FB7;
			productRefGroup = D9FC507B2541A2BB009B5FB7 /* Products */;
			projectDirPath = "";
			projectRoot = "";
			targets = (
				D9FC50792541A2BB009B5FB7 /* TimerApp */,
			);
		};
/* End PBXProject section */

/* Begin PBXResourcesBuildPhase section */
		D9FC50782541A2BB009B5FB7 /* Resources */ = {
			isa = PBXResourcesBuildPhase;
			buildActionMask = 2147483647;
			files = (
				D9FC508E2541A2CF009B5FB7 /* README.md in Resources */,
				D9FC50852541A2BC009B5FB7 /* Preview Assets.xcassets in Resources */,
				D9FC50822541A2BC009B5FB7 /* Assets.xcassets in Resources */,
			);
			runOnlyForDeploymentPostprocessing = 0;
		};
/* End PBXResourcesBuildPhase section */

/* Begin PBXSourcesBuildPhase section */
		D9FC50762541A2BB009B5FB7 /* Sources */ = {
			isa = PBXSourcesBuildPhase;
			buildActionMask = 2147483647;
			files = (
				D9FC50A12541C872009B5FB7 /* StarterView.swift in Sources */,
				D9FC509E2541C473009B5FB7 /* UserManager.swift in Sources */,
				D9FC50922541A779009B5FB7 /* StartButton.swift in Sources */,
				D9FC50802541A2BB009B5FB7 /* ContentView.swift in Sources */,
				D9FC507E2541A2BB009B5FB7 /* TimerAppApp.swift in Sources */,
				D9FC509A2541C20F009B5FB7 /* LoginView.swift in Sources */,
				D9FC50952541B505009B5FB7 /* TimeCounter.swift in Sources */,
			);
			runOnlyForDeploymentPostprocessing = 0;
		};
/* End PBXSourcesBuildPhase section */

/* Begin XCBuildConfiguration section */
		D9FC50872541A2BC009B5FB7 /* Debug */ = {
			isa = XCBuildConfiguration;
			buildSettings = {
				ALWAYS_SEARCH_USER_PATHS = NO;
				CLANG_ANALYZER_NONNULL = YES;
				CLANG_ANALYZER_NUMBER_OBJECT_CONVERSION = YES_AGGRESSIVE;
				CLANG_CXX_LANGUAGE_STANDARD = "gnu++14";
				CLANG_CXX_LIBRARY = "libc++";
				CLANG_ENABLE_MODULES = YES;
				CLANG_ENABLE_OBJC_ARC = YES;
				CLANG_ENABLE_OBJC_WEAK = YES;
				CLANG_WARN_BLOCK_CAPTURE_AUTORELEASING = YES;
				CLANG_WARN_BOOL_CONVERSION = YES;
				CLANG_WARN_COMMA = YES;
				CLANG_WARN_CONSTANT_CONVERSION = YES;
				CLANG_WARN_DEPRECATED_OBJC_IMPLEMENTATIONS = YES;
				CLANG_WARN_DIRECT_OBJC_ISA_USAGE = YES_ERROR;
				CLANG_WARN_DOCUMENTATION_COMMENTS = YES;
				CLANG_WARN_EMPTY_BODY = YES;
				CLANG_WARN_ENUM_CONVERSION = YES;
				CLANG_WARN_INFINITE_RECURSION = YES;
				CLANG_WARN_INT_CONVERSION = YES;
				CLANG_WARN_NON_LITERAL_NULL_CONVERSION = YES;
				CLANG_WARN_OBJC_IMPLICIT_RETAIN_SELF = YES;
				CLANG_WARN_OBJC_LITERAL_CONVERSION = YES;
				CLANG_WARN_OBJC_ROOT_CLASS = YES_ERROR;
				CLANG_WARN_QUOTED_INCLUDE_IN_FRAMEWORK_HEADER = YES;
				CLANG_WARN_RANGE_LOOP_ANALYSIS = YES;
				CLANG_WARN_STRICT_PROTOTYPES = YES;
				CLANG_WARN_SUSPICIOUS_MOVE = YES;
				CLANG_WARN_UNGUARDED_AVAILABILITY = YES_AGGRESSIVE;
				CLANG_WARN_UNREACHABLE_CODE = YES;
				CLANG_WARN__DUPLICATE_METHOD_MATCH = YES;
				COPY_PHASE_STRIP = NO;
				DEBUG_INFORMATION_FORMAT = dwarf;
				ENABLE_STRICT_OBJC_MSGSEND = YES;
				ENABLE_TESTABILITY = YES;
				GCC_C_LANGUAGE_STANDARD = gnu11;
				GCC_DYNAMIC_NO_PIC = NO;
				GCC_NO_COMMON_BLOCKS = YES;
				GCC_OPTIMIZATION_LEVEL = 0;
				GCC_PREPROCESSOR_DEFINITIONS = (
					"DEBUG=1",
					"$(inherited)",
				);
				GCC_WARN_64_TO_32_BIT_CONVERSION = YES;
				GCC_WARN_ABOUT_RETURN_TYPE = YES_ERROR;
				GCC_WARN_UNDECLARED_SELECTOR = YES;
				GCC_WARN_UNINITIALIZED_AUTOS = YES_AGGRESSIVE;
				GCC_WARN_UNUSED_FUNCTION = YES;
				GCC_WARN_UNUSED_VARIABLE = YES;
				IPHONEOS_DEPLOYMENT_TARGET = 14.1;
				MTL_ENABLE_DEBUG_INFO = INCLUDE_SOURCE;
				MTL_FAST_MATH = YES;
				ONLY_ACTIVE_ARCH = YES;
				SDKROOT = iphoneos;
				SWIFT_ACTIVE_COMPILATION_CONDITIONS = DEBUG;
				SWIFT_OPTIMIZATION_LEVEL = "-Onone";
			};
			name = Debug;
		};
		D9FC50882541A2BC009B5FB7 /* Release */ = {
			isa = XCBuildConfiguration;
			buildSettings = {
				ALWAYS_SEARCH_USER_PATHS = NO;
				CLANG_ANALYZER_NONNULL = YES;
				CLANG_ANALYZER_NUMBER_OBJECT_CONVERSION = YES_AGGRESSIVE;
				CLANG_CXX_LANGUAGE_STANDARD = "gnu++14";
				CLANG_CXX_LIBRARY = "libc++";
				CLANG_ENABLE_MODULES = YES;
				CLANG_ENABLE_OBJC_ARC = YES;
				CLANG_ENABLE_OBJC_WEAK = YES;
				CLANG_WARN_BLOCK_CAPTURE_AUTORELEASING = YES;
				CLANG_WARN_BOOL_CONVERSION = YES;
				CLANG_WARN_COMMA = YES;
				CLANG_WARN_CONSTANT_CONVERSION = YES;
				CLANG_WARN_DEPRECATED_OBJC_IMPLEMENTATIONS = YES;
				CLANG_WARN_DIRECT_OBJC_ISA_USAGE = YES_ERROR;
				CLANG_WARN_DOCUMENTATION_COMMENTS = YES;
				CLANG_WARN_EMPTY_BODY = YES;
				CLANG_WARN_ENUM_CONVERSION = YES;
				CLANG_WARN_INFINITE_RECURSION = YES;
				CLANG_WARN_INT_CONVERSION = YES;
				CLANG_WARN_NON_LITERAL_NULL_CONVERSION = YES;
				CLANG_WARN_OBJC_IMPLICIT_RETAIN_SELF = YES;
				CLANG_WARN_OBJC_LITERAL_CONVERSION = YES;
				CLANG_WARN_OBJC_ROOT_CLASS = YES_ERROR;
				CLANG_WARN_QUOTED_INCLUDE_IN_FRAMEWORK_HEADER = YES;
				CLANG_WARN_RANGE_LOOP_ANALYSIS = YES;
				CLANG_WARN_STRICT_PROTOTYPES = YES;
				CLANG_WARN_SUSPICIOUS_MOVE = YES;
				CLANG_WARN_UNGUARDED_AVAILABILITY = YES_AGGRESSIVE;
				CLANG_WARN_UNREACHABLE_CODE = YES;
				CLANG_WARN__DUPLICATE_METHOD_MATCH = YES;
				COPY_PHASE_STRIP = NO;
				DEBUG_INFORMATION_FORMAT = "dwarf-with-dsym";
				ENABLE_NS_ASSERTIONS = NO;
				ENABLE_STRICT_OBJC_MSGSEND = YES;
				GCC_C_LANGUAGE_STANDARD = gnu11;
				GCC_NO_COMMON_BLOCKS = YES;
				GCC_WARN_64_TO_32_BIT_CONVERSION = YES;
				GCC_WARN_ABOUT_RETURN_TYPE = YES_ERROR;
				GCC_WARN_UNDECLARED_SELECTOR = YES;
				GCC_WARN_UNINITIALIZED_AUTOS = YES_AGGRESSIVE;
				GCC_WARN_UNUSED_FUNCTION = YES;
				GCC_WARN_UNUSED_VARIABLE = YES;
				IPHONEOS_DEPLOYMENT_TARGET = 14.1;
				MTL_ENABLE_DEBUG_INFO = NO;
				MTL_FAST_MATH = YES;
				SDKROOT = iphoneos;
				SWIFT_COMPILATION_MODE = wholemodule;
				SWIFT_OPTIMIZATION_LEVEL = "-O";
				VALIDATE_PRODUCT = YES;
			};
			name = Release;
		};
		D9FC508A2541A2BC009B5FB7 /* Debug */ = {
			isa = XCBuildConfiguration;
			buildSettings = {
				ASSETCATALOG_COMPILER_APPICON_NAME = AppIcon;
				ASSETCATALOG_COMPILER_GLOBAL_ACCENT_COLOR_NAME = AccentColor;
				CODE_SIGN_STYLE = Automatic;
				DEVELOPMENT_ASSET_PATHS = "\"TimerApp/Preview Content\"";
				DEVELOPMENT_TEAM = 55MCT9R6B9;
				ENABLE_PREVIEWS = YES;
				INFOPLIST_FILE = TimerApp/Info.plist;
				IPHONEOS_DEPLOYMENT_TARGET = 14.0;
				LD_RUNPATH_SEARCH_PATHS = (
					"$(inherited)",
					"@executable_path/Frameworks",
				);
				PRODUCT_BUNDLE_IDENTIFIER = com.VasPet.TimerApp;
				PRODUCT_NAME = "$(TARGET_NAME)";
				SWIFT_VERSION = 5.0;
				TARGETED_DEVICE_FAMILY = "1,2";
			};
			name = Debug;
		};
		D9FC508B2541A2BC009B5FB7 /* Release */ = {
			isa = XCBuildConfiguration;
			buildSettings = {
				ASSETCATALOG_COMPILER_APPICON_NAME = AppIcon;
				ASSETCATALOG_COMPILER_GLOBAL_ACCENT_COLOR_NAME = AccentColor;
				CODE_SIGN_STYLE = Automatic;
				DEVELOPMENT_ASSET_PATHS = "\"TimerApp/Preview Content\"";
				DEVELOPMENT_TEAM = 55MCT9R6B9;
				ENABLE_PREVIEWS = YES;
				INFOPLIST_FILE = TimerApp/Info.plist;
				IPHONEOS_DEPLOYMENT_TARGET = 14.0;
				LD_RUNPATH_SEARCH_PATHS = (
					"$(inherited)",
					"@executable_path/Frameworks",
				);
				PRODUCT_BUNDLE_IDENTIFIER = com.VasPet.TimerApp;
				PRODUCT_NAME = "$(TARGET_NAME)";
				SWIFT_VERSION = 5.0;
				TARGETED_DEVICE_FAMILY = "1,2";
			};
			name = Release;
		};
/* End XCBuildConfiguration section */

/* Begin XCConfigurationList section */
		D9FC50752541A2BB009B5FB7 /* Build configuration list for PBXProject "TimerApp" */ = {
			isa = XCConfigurationList;
			buildConfigurations = (
				D9FC50872541A2BC009B5FB7 /* Debug */,
				D9FC50882541A2BC009B5FB7 /* Release */,
			);
			defaultConfigurationIsVisible = 0;
			defaultConfigurationName = Release;
		};
		D9FC50892541A2BC009B5FB7 /* Build configuration list for PBXNativeTarget "TimerApp" */ = {
			isa = XCConfigurationList;
			buildConfigurations = (
				D9FC508A2541A2BC009B5FB7 /* Debug */,
				D9FC508B2541A2BC009B5FB7 /* Release */,
			);
			defaultConfigurationIsVisible = 0;
			defaultConfigurationName = Release;
		};
/* End XCConfigurationList section */
	};
	rootObject = D9FC50722541A2BB009B5FB7 /* Project object */;
}
